
Microsoft Visual Studio Solution File, Format Version 12.00
Project("{2150E333-8FDC-42A3-9474-1A3956D46DE8}") = "src", "src", "{272FCC2E-B6D3-4C5C-A055-8B5C57FF8922}"
EndProject
Project("{FAE04EC0-301F-11D3-BF4B-00C04F79EFBC}") = "SimonsVoss.SearchableFields.Web", "src\SimonsVoss.SearchableFields.Web\SimonsVoss.SearchableFields.Web.csproj", "{F8E5812C-8A68-478C-A8B7-AA57F4C6E7D8}"
EndProject
Global
	GlobalSection(SolutionConfigurationPlatforms) = preSolution
		Debug|Any CPU = Debug|Any CPU
		Release|Any CPU = Release|Any CPU
	EndGlobalSection
	GlobalSection(NestedProjects) = preSolution
		{F8E5812C-8A68-478C-A8B7-AA57F4C6E7D8} = {272FCC2E-B6D3-4C5C-A055-8B5C57FF8922}
	EndGlobalSection
	GlobalSection(ProjectConfigurationPlatforms) = postSolution
		{F8E5812C-8A68-478C-A8B7-AA57F4C6E7D8}.Debug|Any CPU.ActiveCfg = Debug|Any CPU
		{F8E5812C-8A68-478C-A8B7-AA57F4C6E7D8}.Debug|Any CPU.Build.0 = Debug|Any CPU
		{F8E5812C-8A68-478C-A8B7-AA57F4C6E7D8}.Release|Any CPU.ActiveCfg = Release|Any CPU
		{F8E5812C-8A68-478C-A8B7-AA57F4C6E7D8}.Release|Any CPU.Build.0 = Release|Any CPU
	EndGlobalSection
EndGlobal
